// !$*UTF8*$!
{
	archiveVersion = 1;
	classes = {
	};
	objectVersion = 77;
	objects = {

/* Begin PBXContainerItemProxy section */
		62560DD62F9871C500EB0214 /* PBXContainerItemProxy */ = {
			isa = PBXContainerItemProxy;
			containerPortal = 62560DBE2F9871C300EB0214 /* Project object */;
			proxyType = 1;
			remoteGlobalIDString = 62560DC52F9871C300EB0214;
			remoteInfo = "chakuseki-now-mac";
		};
		62560DE02F9871C500EB0214 /* PBXContainerItemProxy */ = {
			isa = PBXContainerItemProxy;
			containerPortal = 62560DBE2F9871C300EB0214 /* Project object */;
			proxyType = 1;
			remoteGlobalIDString = 62560DC52F9871C300EB0214;
			remoteInfo = "chakuseki-now-mac";
		};
/* End PBXContainerItemProxy section */

/* Begin PBXFileReference section */
		62560DC62F9871C300EB0214 /* chakuseki-now-mac.app */ = {isa = PBXFileReference; explicitFileType = wrapper.application; includeInIndex = 0; path = "chakuseki-now-mac.app"; sourceTree = BUILT_PRODUCTS_DIR; };
		62560DD52F9871C500EB0214 /* chakuseki-now-macTests.xctest */ = {isa = PBXFileReference; explicitFileType = wrapper.cfbundle; includeInIndex = 0; path = "chakuseki-now-macTests.xctest"; sourceTree = BUILT_PRODUCTS_DIR; };
		62560DDF2F9871C500EB0214 /* chakuseki-now-macUITests.xctest */ = {isa = PBXFileReference; explicitFileType = wrapper.cfbundle; includeInIndex = 0; path = "chakuseki-now-macUITests.xctest"; sourceTree = BUILT_PRODUCTS_DIR; };
/* End PBXFileReference section */

/* Begin PBXFileSystemSynchronizedRootGroup section */
		62560DC82F9871C300EB0214 /* chakuseki-now-mac */ = {
			isa = PBXFileSystemSynchronizedRootGroup;
			path = "chakuseki-now-mac";
			sourceTree = "<group>";
		};
		62560DD82F9871C500EB0214 /* chakuseki-now-macTests */ = {
			isa = PBXFileSystemSynchronizedRootGroup;
			path = "chakuseki-now-macTests";
			sourceTree = "<group>";
		};
		62560DE22F9871C500EB0214 /* chakuseki-now-macUITests */ = {
			isa = PBXFileSystemSynchronizedRootGroup;
			path = "chakuseki-now-macUITests";
			sourceTree = "<group>";
		};
/* End PBXFileSystemSynchronizedRootGroup section */

/* Begin PBXFrameworksBuildPhase section */
		62560DC32F9871C300EB0214 /* Frameworks */ = {
			isa = PBXFrameworksBuildPhase;
			buildActionMask = 2147483647;
			files = (
			);
			runOnlyForDeploymentPostprocessing = 0;
		};
		62560DD22F9871C500EB0214 /* Frameworks */ = {
			isa = PBXFrameworksBuildPhase;
			buildActionMask = 2147483647;
			files = (
			);
			runOnlyForDeploymentPostprocessing = 0;
		};
		62560DDC2F9871C500EB0214 /* Frameworks */ = {
			isa = PBXFrameworksBuildPhase;
			buildActionMask = 2147483647;
			files = (
			);
			runOnlyForDeploymentPostprocessing = 0;
		};
/* End PBXFrameworksBuildPhase section */

/* Begin PBXGroup section */
		62560DBD2F9871C300EB0214 = {
			isa = PBXGroup;
			children = (
				62560DC82F9871C300EB0214 /* chakuseki-now-mac */,
				62560DD82F9871C500EB0214 /* chakuseki-now-macTests */,
				62560DE22F9871C500EB0214 /* chakuseki-now-macUITests */,
				62560DC72F9871C300EB0214 /* Products */,
			);
			sourceTree = "<group>";
		};
		62560DC72F9871C300EB0214 /* Products */ = {
			isa = PBXGroup;
			children = (
				62560DC62F9871C300EB0214 /* chakuseki-now-mac.app */,
				62560DD52F9871C500EB0214 /* chakuseki-now-macTests.xctest */,
				62560DDF2F9871C500EB0214 /* chakuseki-now-macUITests.xctest */,
			);
			name = Products;
			sourceTree = "<group>";
		};
/* End PBXGroup section */

/* Begin PBXNativeTarget section */
		62560DC52F9871C300EB0214 /* chakuseki-now-mac */ = {
			isa = PBXNativeTarget;
			buildConfigurationList = 62560DE92F9871C500EB0214 /* Build configuration list for PBXNativeTarget "chakuseki-now-mac" */;
			buildPhases = (
				62560DC22F9871C300EB0214 /* Sources */,
				62560DC32F9871C300EB0214 /* Frameworks */,
				62560DC42F9871C300EB0214 /* Resources */,
			);
			buildRules = (
			);
			dependencies = (
			);
			fileSystemSynchronizedGroups = (
				62560DC82F9871C300EB0214 /* chakuseki-now-mac */,
			);
			name = "chakuseki-now-mac";
			packageProductDependencies = (
			);
			productName = "chakuseki-now-mac";
			productReference = 62560DC62F9871C300EB0214 /* chakuseki-now-mac.app */;
			productType = "com.apple.product-type.application";
		};
		62560DD42F9871C500EB0214 /* chakuseki-now-macTests */ = {
			isa = PBXNativeTarget;
			buildConfigurationList = 62560DEC2F9871C500EB0214 /* Build configuration list for PBXNativeTarget "chakuseki-now-macTests" */;
			buildPhases = (
				62560DD12F9871C500EB0214 /* Sources */,
				62560DD22F9871C500EB0214 /* Frameworks */,
				62560DD32F9871C500EB0214 /* Resources */,
			);
			buildRules = (
			);
			dependencies = (
				62560DD72F9871C500EB0214 /* PBXTargetDependency */,
			);
			fileSystemSynchronizedGroups = (
				62560DD82F9871C500EB0214 /* chakuseki-now-macTests */,
			);
			name = "chakuseki-now-macTests";
			packageProductDependencies = (
			);
			productName = "chakuseki-now-macTests";
			productReference = 62560DD52F9871C500EB0214 /* chakuseki-now-macTests.xctest */;
			productType = "com.apple.product-type.bundle.unit-test";
		};
		62560DDE2F9871C500EB0214 /* chakuseki-now-macUITests */ = {
			isa = PBXNativeTarget;
			buildConfigurationList = 62560DEF2F9871C500EB0214 /* Build configuration list for PBXNativeTarget "chakuseki-now-macUITests" */;
			buildPhases = (
				62560DDB2F9871C500EB0214 /* Sources */,
				62560DDC2F9871C500EB0214 /* Frameworks */,
				62560DDD2F9871C500EB0214 /* Resources */,
			);
			buildRules = (
			);
			dependencies = (
				62560DE12F9871C500EB0214 /* PBXTargetDependency */,
			);
			fileSystemSynchronizedGroups = (
				62560DE22F9871C500EB0214 /* chakuseki-now-macUITests */,
			);
			name = "chakuseki-now-macUITests";
			packageProductDependencies = (
			);
			productName = "chakuseki-now-macUITests";
			productReference = 62560DDF2F9871C500EB0214 /* chakuseki-now-macUITests.xctest */;
			productType = "com.apple.product-type.bundle.ui-testing";
		};
/* End PBXNativeTarget section */

/* Begin PBXProject section */
		62560DBE2F9871C300EB0214 /* Project object */ = {
			isa = PBXProject;
			attributes = {
				BuildIndependentTargetsInParallel = 1;
				LastSwiftUpdateCheck = 1640;
				LastUpgradeCheck = 1640;
				TargetAttributes = {
					62560DC52F9871C300EB0214 = {
						CreatedOnToolsVersion = 16.4;
					};
					62560DD42F9871C500EB0214 = {
						CreatedOnToolsVersion = 16.4;
						TestTargetID = 62560DC52F9871C300EB0214;
					};
					62560DDE2F9871C500EB0214 = {
						CreatedOnToolsVersion = 16.4;
						TestTargetID = 62560DC52F9871C300EB0214;
					};
				};
			};
			buildConfigurationList = 62560DC12F9871C300EB0214 /* Build configuration list for PBXProject "chakuseki-now-mac" */;
			developmentRegion = en;
			hasScannedForEncodings = 0;
			knownRegions = (
				en,
				Base,
			);
			mainGroup = 62560DBD2F9871C300EB0214;
			minimizedProjectReferenceProxies = 1;
			preferredProjectObjectVersion = 77;
			productRefGroup = 62560DC72F9871C300EB0214 /* Products */;
			projectDirPath = "";
			projectRoot = "";
			targets = (
				62560DC52F9871C300EB0214 /* chakuseki-now-mac */,
				62560DD42F9871C500EB0214 /* chakuseki-now-macTests */,
				62560DDE2F9871C500EB0214 /* chakuseki-now-macUITests */,
			);
		};
/* End PBXProject section */

/* Begin PBXResourcesBuildPhase section */
		62560DC42F9871C300EB0214 /* Resources */ = {
			isa = PBXResourcesBuildPhase;
			buildActionMask = 2147483647;
			files = (
			);
			runOnlyForDeploymentPostprocessing = 0;
		};
		62560DD32F9871C500EB0214 /* Resources */ = {
			isa = PBXResourcesBuildPhase;
			buildActionMask = 2147483647;
			files = (
			);
			runOnlyForDeploymentPostprocessing = 0;
		};
		62560DDD2F9871C500EB0214 /* Resources */ = {
			isa = PBXResourcesBuildPhase;
			buildActionMask = 2147483647;
			files = (
			);
			runOnlyForDeploymentPostprocessing = 0;
		};
/* End PBXResourcesBuildPhase section */

/* Begin PBXSourcesBuildPhase section */
		62560DC22F9871C300EB0214 /* Sources */ = {
			isa = PBXSourcesBuildPhase;
			buildActionMask = 2147483647;
			files = (
			);
			runOnlyForDeploymentPostprocessing = 0;
		};
		62560DD12F9871C500EB0214 /* Sources */ = {
			isa = PBXSourcesBuildPhase;
			buildActionMask = 2147483647;
			files = (
			);
			runOnlyForDeploymentPostprocessing = 0;
		};
		62560DDB2F9871C500EB0214 /* Sources */ = {
			isa = PBXSourcesBuildPhase;
			buildActionMask = 2147483647;
			files = (
			);
			runOnlyForDeploymentPostprocessing = 0;
		};
/* End PBXSourcesBuildPhase section */

/* Begin PBXTargetDependency section */
		62560DD72F9871C500EB0214 /* PBXTargetDependency */ = {
			isa = PBXTargetDependency;
			target = 62560DC52F9871C300EB0214 /* chakuseki-now-mac */;
			targetProxy = 62560DD62F9871C500EB0214 /* PBXContainerItemProxy */;
		};
		62560DE12F9871C500EB0214 /* PBXTargetDependency */ = {
			isa = PBXTargetDependency;
			target = 62560DC52F9871C300EB0214 /* chakuseki-now-mac */;
			targetProxy = 62560DE02F9871C500EB0214 /* PBXContainerItemProxy */;
		};
/* End PBXTargetDependency section */

/* Begin XCBuildConfiguration section */
		62560DE72F9871C500EB0214 /* Debug */ = {
			isa = XCBuildConfiguration;
			buildSettings = {
				ALWAYS_SEARCH_USER_PATHS = NO;
				ASSETCATALOG_COMPILER_GENERATE_SWIFT_ASSET_SYMBOL_EXTENSIONS = YES;
				CLANG_ANALYZER_NONNULL = YES;
				CLANG_ANALYZER_NUMBER_OBJECT_CONVERSION = YES_AGGRESSIVE;
				CLANG_CXX_LANGUAGE_STANDARD = "gnu++20";
				CLANG_ENABLE_MODULES = YES;
				CLANG_ENABLE_OBJC_ARC = YES;
				CLANG_ENABLE_OBJC_WEAK = YES;
				CLANG_WARN_BLOCK_CAPTURE_AUTORELEASING = YES;
				CLANG_WARN_BOOL_CONVERSION = YES;
				CLANG_WARN_COMMA = YES;
				CLANG_WARN_CONSTANT_CONVERSION = YES;
				CLANG_WARN_DEPRECATED_OBJC_IMPLEMENTATIONS = YES;
				CLANG_WARN_DIRECT_OBJC_ISA_USAGE = YES_ERROR;
				CLANG_WARN_DOCUMENTATION_COMMENTS = YES;
				CLANG_WARN_EMPTY_BODY = YES;
				CLANG_WARN_ENUM_CONVERSION = YES;
				CLANG_WARN_INFINITE_RECURSION = YES;
				CLANG_WARN_INT_CONVERSION = YES;
				CLANG_WARN_NON_LITERAL_NULL_CONVERSION = YES;
				CLANG_WARN_OBJC_IMPLICIT_RETAIN_SELF = YES;
				CLANG_WARN_OBJC_LITERAL_CONVERSION = YES;
				CLANG_WARN_OBJC_ROOT_CLASS = YES_ERROR;
				CLANG_WARN_QUOTED_INCLUDE_IN_FRAMEWORK_HEADER = YES;
				CLANG_WARN_RANGE_LOOP_ANALYSIS = YES;
				CLANG_WARN_STRICT_PROTOTYPES = YES;
				CLANG_WARN_SUSPICIOUS_MOVE = YES;
				CLANG_WARN_UNGUARDED_AVAILABILITY = YES_AGGRESSIVE;
				CLANG_WARN_UNREACHABLE_CODE = YES;
				CLANG_WARN__DUPLICATE_METHOD_MATCH = YES;
				COPY_PHASE_STRIP = NO;
				DEBUG_INFORMATION_FORMAT = dwarf;
				DEVELOPMENT_TEAM = Z24R2H7D7N;
				ENABLE_STRICT_OBJC_MSGSEND = YES;
				ENABLE_TESTABILITY = YES;
				ENABLE_USER_SCRIPT_SANDBOXING = YES;
				GCC_C_LANGUAGE_STANDARD = gnu17;
				GCC_DYNAMIC_NO_PIC = NO;
				GCC_NO_COMMON_BLOCKS = YES;
				GCC_OPTIMIZATION_LEVEL = 0;
				GCC_PREPROCESSOR_DEFINITIONS = (
					"DEBUG=1",
					"$(inherited)",
				);
				GCC_WARN_64_TO_32_BIT_CONVERSION = YES;
				GCC_WARN_ABOUT_RETURN_TYPE = YES_ERROR;
				GCC_WARN_UNDECLARED_SELECTOR = YES;
				GCC_WARN_UNINITIALIZED_AUTOS = YES_AGGRESSIVE;
				GCC_WARN_UNUSED_FUNCTION = YES;
				GCC_WARN_UNUSED_VARIABLE = YES;
				IPHONEOS_DEPLOYMENT_TARGET = 18.5;
				LOCALIZATION_PREFERS_STRING_CATALOGS = YES;
				MTL_ENABLE_DEBUG_INFO = INCLUDE_SOURCE;
				MTL_FAST_MATH = YES;
				ONLY_ACTIVE_ARCH = YES;
				SDKROOT = iphoneos;
				SWIFT_ACTIVE_COMPILATION_CONDITIONS = "DEBUG $(inherited)";
				SWIFT_OPTIMIZATION_LEVEL = "-Onone";
			};
			name = Debug;
		};
		62560DE82F9871C500EB0214 /* Release */ = {
			isa = XCBuildConfiguration;
			buildSettings = {
				ALWAYS_SEARCH_USER_PATHS = NO;
				ASSETCATALOG_COMPILER_GENERATE_SWIFT_ASSET_SYMBOL_EXTENSIONS = YES;
				CLANG_ANALYZER_NONNULL = YES;
				CLANG_ANALYZER_NUMBER_OBJECT_CONVERSION = YES_AGGRESSIVE;
				CLANG_CXX_LANGUAGE_STANDARD = "gnu++20";
				CLANG_ENABLE_MODULES = YES;
				CLANG_ENABLE_OBJC_ARC = YES;
				CLANG_ENABLE_OBJC_WEAK = YES;
				CLANG_WARN_BLOCK_CAPTURE_AUTORELEASING = YES;
				CLANG_WARN_BOOL_CONVERSION = YES;
				CLANG_WARN_COMMA = YES;
				CLANG_WARN_CONSTANT_CONVERSION = YES;
				CLANG_WARN_DEPRECATED_OBJC_IMPLEMENTATIONS = YES;
				CLANG_WARN_DIRECT_OBJC_ISA_USAGE = YES_ERROR;
				CLANG_WARN_DOCUMENTATION_COMMENTS = YES;
				CLANG_WARN_EMPTY_BODY = YES;
				CLANG_WARN_ENUM_CONVERSION = YES;
				CLANG_WARN_INFINITE_RECURSION = YES;
				CLANG_WARN_INT_CONVERSION = YES;
				CLANG_WARN_NON_LITERAL_NULL_CONVERSION = YES;
				CLANG_WARN_OBJC_IMPLICIT_RETAIN_SELF = YES;
				CLANG_WARN_OBJC_LITERAL_CONVERSION = YES;
				CLANG_WARN_OBJC_ROOT_CLASS = YES_ERROR;
				CLANG_WARN_QUOTED_INCLUDE_IN_FRAMEWORK_HEADER = YES;
				CLANG_WARN_RANGE_LOOP_ANALYSIS = YES;
				CLANG_WARN_STRICT_PROTOTYPES = YES;
				CLANG_WARN_SUSPICIOUS_MOVE = YES;
				CLANG_WARN_UNGUARDED_AVAILABILITY = YES_AGGRESSIVE;
				CLANG_WARN_UNREACHABLE_CODE = YES;
				CLANG_WARN__DUPLICATE_METHOD_MATCH = YES;
				COPY_PHASE_STRIP = NO;
				DEBUG_INFORMATION_FORMAT = "dwarf-with-dsym";
				DEVELOPMENT_TEAM = Z24R2H7D7N;
				ENABLE_NS_ASSERTIONS = NO;
				ENABLE_STRICT_OBJC_MSGSEND = YES;
				ENABLE_USER_SCRIPT_SANDBOXING = YES;
				GCC_C_LANGUAGE_STANDARD = gnu17;
				GCC_NO_COMMON_BLOCKS = YES;
				GCC_WARN_64_TO_32_BIT_CONVERSION = YES;
				GCC_WARN_ABOUT_RETURN_TYPE = YES_ERROR;
				GCC_WARN_UNDECLARED_SELECTOR = YES;
				GCC_WARN_UNINITIALIZED_AUTOS = YES_AGGRESSIVE;
				GCC_WARN_UNUSED_FUNCTION = YES;
				GCC_WARN_UNUSED_VARIABLE = YES;
				IPHONEOS_DEPLOYMENT_TARGET = 18.5;
				LOCALIZATION_PREFERS_STRING_CATALOGS = YES;
				MTL_ENABLE_DEBUG_INFO = NO;
				MTL_FAST_MATH = YES;
				SDKROOT = iphoneos;
				SWIFT_COMPILATION_MODE = wholemodule;
				VALIDATE_PRODUCT = YES;
			};
			name = Release;
		};
		62560DEA2F9871C500EB0214 /* Debug */ = {
			isa = XCBuildConfiguration;
			buildSettings = {
				ASSETCATALOG_COMPILER_APPICON_NAME = AppIcon;
				ASSETCATALOG_COMPILER_GLOBAL_ACCENT_COLOR_NAME = AccentColor;
				CODE_SIGN_STYLE = Automatic;
				CURRENT_PROJECT_VERSION = 1;
				DEVELOPMENT_TEAM = Z24R2H7D7N;
				ENABLE_PREVIEWS = YES;
				GENERATE_INFOPLIST_FILE = YES;
				INFOPLIST_KEY_UIApplicationSceneManifest_Generation = YES;
				INFOPLIST_KEY_UIApplicationSupportsIndirectInputEvents = YES;
				INFOPLIST_KEY_UILaunchScreen_Generation = YES;
				INFOPLIST_KEY_UISupportedInterfaceOrientations_iPad = "UIInterfaceOrientationPortrait UIInterfaceOrientationPortraitUpsideDown UIInterfaceOrientationLandscapeLeft UIInterfaceOrientationLandscapeRight";
				INFOPLIST_KEY_UISupportedInterfaceOrientations_iPhone = "UIInterfaceOrientationPortrait UIInterfaceOrientationLandscapeLeft UIInterfaceOrientationLandscapeRight";
				LD_RUNPATH_SEARCH_PATHS = (
					"$(inherited)",
					"@executable_path/Frameworks",
				);
				MARKETING_VERSION = 1.0;
				PRODUCT_BUNDLE_IDENTIFIER = "test.chakuseki-now-mac";
				PRODUCT_NAME = "$(TARGET_NAME)";
				SWIFT_EMIT_LOC_STRINGS = YES;
				SWIFT_VERSION = 5.0;
				TARGETED_DEVICE_FAMILY = "1,2";
			};
			name = Debug;
		};
		62560DEB2F9871C500EB0214 /* Release */ = {
			isa = XCBuildConfiguration;
			buildSettings = {
				ASSETCATALOG_COMPILER_APPICON_NAME = AppIcon;
				ASSETCATALOG_COMPILER_GLOBAL_ACCENT_COLOR_NAME = AccentColor;
				CODE_SIGN_STYLE = Automatic;
				CURRENT_PROJECT_VERSION = 1;
				DEVELOPMENT_TEAM = Z24R2H7D7N;
				ENABLE_PREVIEWS = YES;
				GENERATE_INFOPLIST_FILE = YES;
				INFOPLIST_KEY_UIApplicationSceneManifest_Generation = YES;
				INFOPLIST_KEY_UIApplicationSupportsIndirectInputEvents = YES;
				INFOPLIST_KEY_UILaunchScreen_Generation = YES;
				INFOPLIST_KEY_UISupportedInterfaceOrientations_iPad = "UIInterfaceOrientationPortrait UIInterfaceOrientationPortraitUpsideDown UIInterfaceOrientationLandscapeLeft UIInterfaceOrientationLandscapeRight";
				INFOPLIST_KEY_UISupportedInterfaceOrientations_iPhone = "UIInterfaceOrientationPortrait UIInterfaceOrientationLandscapeLeft UIInterfaceOrientationLandscapeRight";
				LD_RUNPATH_SEARCH_PATHS = (
					"$(inherited)",
					"@executable_path/Frameworks",
				);
				MARKETING_VERSION = 1.0;
				PRODUCT_BUNDLE_IDENTIFIER = "test.chakuseki-now-mac";
				PRODUCT_NAME = "$(TARGET_NAME)";
				SWIFT_EMIT_LOC_STRINGS = YES;
				SWIFT_VERSION = 5.0;
				TARGETED_DEVICE_FAMILY = "1,2";
			};
			name = Release;
		};
		62560DED2F9871C500EB0214 /* Debug */ = {
			isa = XCBuildConfiguration;
			buildSettings = {
				BUNDLE_LOADER = "$(TEST_HOST)";
				CODE_SIGN_STYLE = Automatic;
				CURRENT_PROJECT_VERSION = 1;
				DEVELOPMENT_TEAM = Z24R2H7D7N;
				GENERATE_INFOPLIST_FILE = YES;
				IPHONEOS_DEPLOYMENT_TARGET = 18.5;
				MARKETING_VERSION = 1.0;
				PRODUCT_BUNDLE_IDENTIFIER = "test.chakuseki-now-macTests";
				PRODUCT_NAME = "$(TARGET_NAME)";
				SWIFT_EMIT_LOC_STRINGS = NO;
				SWIFT_VERSION = 5.0;
				TARGETED_DEVICE_FAMILY = "1,2";
				TEST_HOST = "$(BUILT_PRODUCTS_DIR)/chakuseki-now-mac.app/$(BUNDLE_EXECUTABLE_FOLDER_PATH)/chakuseki-now-mac";
			};
			name = Debug;
		};
		62560DEE2F9871C500EB0214 /* Release */ = {
			isa = XCBuildConfiguration;
			buildSettings = {
				BUNDLE_LOADER = "$(TEST_HOST)";
				CODE_SIGN_STYLE = Automatic;
				CURRENT_PROJECT_VERSION = 1;
				DEVELOPMENT_TEAM = Z24R2H7D7N;
				GENERATE_INFOPLIST_FILE = YES;
				IPHONEOS_DEPLOYMENT_TARGET = 18.5;
				MARKETING_VERSION = 1.0;
				PRODUCT_BUNDLE_IDENTIFIER = "test.chakuseki-now-macTests";
				PRODUCT_NAME = "$(TARGET_NAME)";
				SWIFT_EMIT_LOC_STRINGS = NO;
				SWIFT_VERSION = 5.0;
				TARGETED_DEVICE_FAMILY = "1,2";
				TEST_HOST = "$(BUILT_PRODUCTS_DIR)/chakuseki-now-mac.app/$(BUNDLE_EXECUTABLE_FOLDER_PATH)/chakuseki-now-mac";
			};
			name = Release;
		};
		62560DF02F9871C500EB0214 /* Debug */ = {
			isa = XCBuildConfiguration;
			buildSettings = {
				CODE_SIGN_STYLE = Automatic;
				CURRENT_PROJECT_VERSION = 1;
				DEVELOPMENT_TEAM = Z24R2H7D7N;
				GENERATE_INFOPLIST_FILE = YES;
				MARKETING_VERSION = 1.0;
				PRODUCT_BUNDLE_IDENTIFIER = "test.chakuseki-now-macUITests";
				PRODUCT_NAME = "$(TARGET_NAME)";
				SWIFT_EMIT_LOC_STRINGS = NO;
				SWIFT_VERSION = 5.0;
				TARGETED_DEVICE_FAMILY = "1,2";
				TEST_TARGET_NAME = "chakuseki-now-mac";
			};
			name = Debug;
		};
		62560DF12F9871C500EB0214 /* Release */ = {
			isa = XCBuildConfiguration;
			buildSettings = {
				CODE_SIGN_STYLE = Automatic;
				CURRENT_PROJECT_VERSION = 1;
				DEVELOPMENT_TEAM = Z24R2H7D7N;
				GENERATE_INFOPLIST_FILE = YES;
				MARKETING_VERSION = 1.0;
				PRODUCT_BUNDLE_IDENTIFIER = "test.chakuseki-now-macUITests";
				PRODUCT_NAME = "$(TARGET_NAME)";
				SWIFT_EMIT_LOC_STRINGS = NO;
				SWIFT_VERSION = 5.0;
				TARGETED_DEVICE_FAMILY = "1,2";
				TEST_TARGET_NAME = "chakuseki-now-mac";
			};
			name = Release;
		};
/* End XCBuildConfiguration section */

/* Begin XCConfigurationList section */
		62560DC12F9871C300EB0214 /* Build configuration list for PBXProject "chakuseki-now-mac" */ = {
			isa = XCConfigurationList;
			buildConfigurations = (
				62560DE72F9871C500EB0214 /* Debug */,
				62560DE82F9871C500EB0214 /* Release */,
			);
			defaultConfigurationIsVisible = 0;
			defaultConfigurationName = Release;
		};
		62560DE92F9871C500EB0214 /* Build configuration list for PBXNativeTarget "chakuseki-now-mac" */ = {
			isa = XCConfigurationList;
			buildConfigurations = (
				62560DEA2F9871C500EB0214 /* Debug */,
				62560DEB2F9871C500EB0214 /* Release */,
			);
			defaultConfigurationIsVisible = 0;
			defaultConfigurationName = Release;
		};
		62560DEC2F9871C500EB0214 /* Build configuration list for PBXNativeTarget "chakuseki-now-macTests" */ = {
			isa = XCConfigurationList;
			buildConfigurations = (
				62560DED2F9871C500EB0214 /* Debug */,
				62560DEE2F9871C500EB0214 /* Release */,
			);
			defaultConfigurationIsVisible = 0;
			defaultConfigurationName = Release;
		};
		62560DEF2F9871C500EB0214 /* Build configuration list for PBXNativeTarget "chakuseki-now-macUITests" */ = {
			isa = XCConfigurationList;
			buildConfigurations = (
				62560DF02F9871C500EB0214 /* Debug */,
				62560DF12F9871C500EB0214 /* Release */,
			);
			defaultConfigurationIsVisible = 0;
			defaultConfigurationName = Release;
		};
/* End XCConfigurationList section */
	};
	rootObject = 62560DBE2F9871C300EB0214 /* Project object */;
}
